
Microsoft Visual Studio Solution File, Format Version 12.00
# Visual Studio Version 16
VisualStudioVersion = 16.0.30104.148
MinimumVisualStudioVersion = 10.0.40219.1
Project("{FAE04EC0-301F-11D3-BF4B-00C04F79EFBC}") = "Authentication_3.1", "Authentication_3.1\Authentication_3.1.csproj", "{905A0171-683C-4D5D-A58A-F1EB9558C50C}"
EndProject
Global
	GlobalSection(SolutionConfigurationPlatforms) = preSolution
		Debug|Any CPU = Debug|Any CPU
		Release|Any CPU = Release|Any CPU
	EndGlobalSection
	GlobalSection(ProjectConfigurationPlatforms) = postSolution
		{905A0171-683C-4D5D-A58A-F1EB9558C50C}.Debug|Any CPU.ActiveCfg = Debug|Any CPU
		{905A0171-683C-4D5D-A58A-F1EB9558C50C}.Debug|Any CPU.Build.0 = Debug|Any CPU
		{905A0171-683C-4D5D-A58A-F1EB9558C50C}.Release|Any CPU.ActiveCfg = Release|Any CPU
		{905A0171-683C-4D5D-A58A-F1EB9558C50C}.Release|Any CPU.Build.0 = Release|Any CPU
	EndGlobalSection
	GlobalSection(SolutionProperties) = preSolution
		HideSolutionNode = FALSE
	EndGlobalSection
	GlobalSection(ExtensibilityGlobals) = postSolution
		SolutionGuid = {40EC03F4-F919-499A-8EE4-BBAAF7117975}
	EndGlobalSection
EndGlobal
